// !$*UTF8*$!
{
	archiveVersion = 1;
	classes = {
	};
	objectVersion = 55;
	objects = {

/* Begin PBXBuildFile section */
		D5ECAC3E27B40CE4005DBE88 /* AppDelegate.swift in Sources */ = {isa = PBXBuildFile; fileRef = D5ECAC3D27B40CE4005DBE88 /* AppDelegate.swift */; };
		D5ECAC4027B40CE4005DBE88 /* ViewController.swift in Sources */ = {isa = PBXBuildFile; fileRef = D5ECAC3F27B40CE4005DBE88 /* ViewController.swift */; };
		D5ECAC4227B40CE5005DBE88 /* Assets.xcassets in Resources */ = {isa = PBXBuildFile; fileRef = D5ECAC4127B40CE5005DBE88 /* Assets.xcassets */; };
		D5ECAC4527B40CE5005DBE88 /* Main.storyboard in Resources */ = {isa = PBXBuildFile; fileRef = D5ECAC4327B40CE5005DBE88 /* Main.storyboard */; };
		D5ECAC4D27B40D25005DBE88 /* TextProcessor.swift in Sources */ = {isa = PBXBuildFile; fileRef = D5ECAC4C27B40D25005DBE88 /* TextProcessor.swift */; };
		D5ECAC4F27B40DB2005DBE88 /* WindowController.swift in Sources */ = {isa = PBXBuildFile; fileRef = D5ECAC4E27B40DB2005DBE88 /* WindowController.swift */; };
		D5ECAC5527B4102E005DBE88 /* Localizable.strings in Resources */ = {isa = PBXBuildFile; fileRef = D5ECAC5727B4102E005DBE88 /* Localizable.strings */; };
		D5ECAC5A27B41549005DBE88 /* DropView.swift in Sources */ = {isa = PBXBuildFile; fileRef = D5ECAC5927B41549005DBE88 /* DropView.swift */; };
/* End PBXBuildFile section */

/* Begin PBXFileReference section */
		D5ECAC3A27B40CE4005DBE88 /* OCR.app */ = {isa = PBXFileReference; explicitFileType = wrapper.application; includeInIndex = 0; path = OCR.app; sourceTree = BUILT_PRODUCTS_DIR; };
		D5ECAC3D27B40CE4005DBE88 /* AppDelegate.swift */ = {isa = PBXFileReference; lastKnownFileType = sourcecode.swift; path = AppDelegate.swift; sourceTree = "<group>"; };
		D5ECAC3F27B40CE4005DBE88 /* ViewController.swift */ = {isa = PBXFileReference; lastKnownFileType = sourcecode.swift; path = ViewController.swift; sourceTree = "<group>"; };
		D5ECAC4127B40CE5005DBE88 /* Assets.xcassets */ = {isa = PBXFileReference; lastKnownFileType = folder.assetcatalog; path = Assets.xcassets; sourceTree = "<group>"; };
		D5ECAC4427B40CE5005DBE88 /* Base */ = {isa = PBXFileReference; lastKnownFileType = file.storyboard; name = Base; path = Base.lproj/Main.storyboard; sourceTree = "<group>"; };
		D5ECAC4627B40CE5005DBE88 /* OCR.entitlements */ = {isa = PBXFileReference; lastKnownFileType = text.plist.entitlements; path = OCR.entitlements; sourceTree = "<group>"; };
		D5ECAC4C27B40D25005DBE88 /* TextProcessor.swift */ = {isa = PBXFileReference; fileEncoding = 4; lastKnownFileType = sourcecode.swift; path = TextProcessor.swift; sourceTree = "<group>"; };
		D5ECAC4E27B40DB2005DBE88 /* WindowController.swift */ = {isa = PBXFileReference; lastKnownFileType = sourcecode.swift; path = WindowController.swift; sourceTree = "<group>"; };
		D5ECAC5027B41012005DBE88 /* nl */ = {isa = PBXFileReference; lastKnownFileType = text.plist.strings; name = nl; path = nl.lproj/Main.strings; sourceTree = "<group>"; };
		D5ECAC5227B41018005DBE88 /* en */ = {isa = PBXFileReference; lastKnownFileType = text.plist.strings; name = en; path = en.lproj/Main.strings; sourceTree = "<group>"; };
		D5ECAC5627B4102E005DBE88 /* en */ = {isa = PBXFileReference; lastKnownFileType = text.plist.strings; name = en; path = en.lproj/Localizable.strings; sourceTree = "<group>"; };
		D5ECAC5827B41030005DBE88 /* nl */ = {isa = PBXFileReference; lastKnownFileType = text.plist.strings; name = nl; path = nl.lproj/Localizable.strings; sourceTree = "<group>"; };
		D5ECAC5927B41549005DBE88 /* DropView.swift */ = {isa = PBXFileReference; lastKnownFileType = sourcecode.swift; path = DropView.swift; sourceTree = "<group>"; };
/* End PBXFileReference section */

/* Begin PBXFrameworksBuildPhase section */
		D5ECAC3727B40CE4005DBE88 /* Frameworks */ = {
			isa = PBXFrameworksBuildPhase;
			buildActionMask = 2147483647;
			files = (
			);
			runOnlyForDeploymentPostprocessing = 0;
		};
/* End PBXFrameworksBuildPhase section */

/* Begin PBXGroup section */
		D5ECAC3127B40CE4005DBE88 = {
			isa = PBXGroup;
			children = (
				D5ECAC3C27B40CE4005DBE88 /* OCR */,
				D5ECAC3B27B40CE4005DBE88 /* Products */,
			);
			indentWidth = 2;
			sourceTree = "<group>";
			tabWidth = 2;
		};
		D5ECAC3B27B40CE4005DBE88 /* Products */ = {
			isa = PBXGroup;
			children = (
				D5ECAC3A27B40CE4005DBE88 /* OCR.app */,
			);
			name = Products;
			sourceTree = "<group>";
		};
		D5ECAC3C27B40CE4005DBE88 /* OCR */ = {
			isa = PBXGroup;
			children = (
				D5ECAC3D27B40CE4005DBE88 /* AppDelegate.swift */,
				D5ECAC4E27B40DB2005DBE88 /* WindowController.swift */,
				D5ECAC3F27B40CE4005DBE88 /* ViewController.swift */,
				D5ECAC5927B41549005DBE88 /* DropView.swift */,
				D5ECAC4C27B40D25005DBE88 /* TextProcessor.swift */,
				D5ECAC4127B40CE5005DBE88 /* Assets.xcassets */,
				D5ECAC4327B40CE5005DBE88 /* Main.storyboard */,
				D5ECAC4627B40CE5005DBE88 /* OCR.entitlements */,
				D5ECAC5727B4102E005DBE88 /* Localizable.strings */,
			);
			path = OCR;
			sourceTree = "<group>";
		};
/* End PBXGroup section */

/* Begin PBXNativeTarget section */
		D5ECAC3927B40CE4005DBE88 /* OCR */ = {
			isa = PBXNativeTarget;
			buildConfigurationList = D5ECAC4927B40CE5005DBE88 /* Build configuration list for PBXNativeTarget "OCR" */;
			buildPhases = (
				D5ECAC3627B40CE4005DBE88 /* Sources */,
				D5ECAC3727B40CE4005DBE88 /* Frameworks */,
				D5ECAC3827B40CE4005DBE88 /* Resources */,
			);
			buildRules = (
			);
			dependencies = (
			);
			name = OCR;
			productName = OCR;
			productReference = D5ECAC3A27B40CE4005DBE88 /* OCR.app */;
			productType = "com.apple.product-type.application";
		};
/* End PBXNativeTarget section */

/* Begin PBXProject section */
		D5ECAC3227B40CE4005DBE88 /* Project object */ = {
			isa = PBXProject;
			attributes = {
				BuildIndependentTargetsInParallel = 1;
				LastSwiftUpdateCheck = 1320;
				LastUpgradeCheck = 1320;
				ORGANIZATIONNAME = Bernson;
				TargetAttributes = {
					D5ECAC3927B40CE4005DBE88 = {
						CreatedOnToolsVersion = 13.2.1;
					};
				};
			};
			buildConfigurationList = D5ECAC3527B40CE4005DBE88 /* Build configuration list for PBXProject "OCR" */;
			compatibilityVersion = "Xcode 13.0";
			developmentRegion = en;
			hasScannedForEncodings = 0;
			knownRegions = (
				en,
				Base,
				nl,
			);
			mainGroup = D5ECAC3127B40CE4005DBE88;
			productRefGroup = D5ECAC3B27B40CE4005DBE88 /* Products */;
			projectDirPath = "";
			projectRoot = "";
			targets = (
				D5ECAC3927B40CE4005DBE88 /* OCR */,
			);
		};
/* End PBXProject section */

/* Begin PBXResourcesBuildPhase section */
		D5ECAC3827B40CE4005DBE88 /* Resources */ = {
			isa = PBXResourcesBuildPhase;
			buildActionMask = 2147483647;
			files = (
				D5ECAC4227B40CE5005DBE88 /* Assets.xcassets in Resources */,
				D5ECAC5527B4102E005DBE88 /* Localizable.strings in Resources */,
				D5ECAC4527B40CE5005DBE88 /* Main.storyboard in Resources */,
			);
			runOnlyForDeploymentPostprocessing = 0;
		};
/* End PBXResourcesBuildPhase section */

/* Begin PBXSourcesBuildPhase section */
		D5ECAC3627B40CE4005DBE88 /* Sources */ = {
			isa = PBXSourcesBuildPhase;
			buildActionMask = 2147483647;
			files = (
				D5ECAC4027B40CE4005DBE88 /* ViewController.swift in Sources */,
				D5ECAC4F27B40DB2005DBE88 /* WindowController.swift in Sources */,
				D5ECAC4D27B40D25005DBE88 /* TextProcessor.swift in Sources */,
				D5ECAC3E27B40CE4005DBE88 /* AppDelegate.swift in Sources */,
				D5ECAC5A27B41549005DBE88 /* DropView.swift in Sources */,
			);
			runOnlyForDeploymentPostprocessing = 0;
		};
/* End PBXSourcesBuildPhase section */

/* Begin PBXVariantGroup section */
		D5ECAC4327B40CE5005DBE88 /* Main.storyboard */ = {
			isa = PBXVariantGroup;
			children = (
				D5ECAC4427B40CE5005DBE88 /* Base */,
				D5ECAC5027B41012005DBE88 /* nl */,
				D5ECAC5227B41018005DBE88 /* en */,
			);
			name = Main.storyboard;
			sourceTree = "<group>";
		};
		D5ECAC5727B4102E005DBE88 /* Localizable.strings */ = {
			isa = PBXVariantGroup;
			children = (
				D5ECAC5627B4102E005DBE88 /* en */,
				D5ECAC5827B41030005DBE88 /* nl */,
			);
			name = Localizable.strings;
			sourceTree = "<group>";
		};
/* End PBXVariantGroup section */

/* Begin XCBuildConfiguration section */
		D5ECAC4727B40CE5005DBE88 /* Debug */ = {
			isa = XCBuildConfiguration;
			buildSettings = {
				ALWAYS_SEARCH_USER_PATHS = NO;
				CLANG_ANALYZER_LOCALIZABILITY_NONLOCALIZED = YES;
				CLANG_ANALYZER_NONNULL = YES;
				CLANG_ANALYZER_NUMBER_OBJECT_CONVERSION = YES_AGGRESSIVE;
				CLANG_CXX_LANGUAGE_STANDARD = "gnu++17";
				CLANG_CXX_LIBRARY = "libc++";
				CLANG_ENABLE_MODULES = YES;
				CLANG_ENABLE_OBJC_ARC = YES;
				CLANG_ENABLE_OBJC_WEAK = YES;
				CLANG_WARN_BLOCK_CAPTURE_AUTORELEASING = YES;
				CLANG_WARN_BOOL_CONVERSION = YES;
				CLANG_WARN_COMMA = YES;
				CLANG_WARN_CONSTANT_CONVERSION = YES;
				CLANG_WARN_DEPRECATED_OBJC_IMPLEMENTATIONS = YES;
				CLANG_WARN_DIRECT_OBJC_ISA_USAGE = YES_ERROR;
				CLANG_WARN_DOCUMENTATION_COMMENTS = YES;
				CLANG_WARN_EMPTY_BODY = YES;
				CLANG_WARN_ENUM_CONVERSION = YES;
				CLANG_WARN_INFINITE_RECURSION = YES;
				CLANG_WARN_INT_CONVERSION = YES;
				CLANG_WARN_NON_LITERAL_NULL_CONVERSION = YES;
				CLANG_WARN_OBJC_IMPLICIT_RETAIN_SELF = YES;
				CLANG_WARN_OBJC_LITERAL_CONVERSION = YES;
				CLANG_WARN_OBJC_ROOT_CLASS = YES_ERROR;
				CLANG_WARN_QUOTED_INCLUDE_IN_FRAMEWORK_HEADER = YES;
				CLANG_WARN_RANGE_LOOP_ANALYSIS = YES;
				CLANG_WARN_STRICT_PROTOTYPES = YES;
				CLANG_WARN_SUSPICIOUS_MOVE = YES;
				CLANG_WARN_UNGUARDED_AVAILABILITY = YES_AGGRESSIVE;
				CLANG_WARN_UNREACHABLE_CODE = YES;
				CLANG_WARN__DUPLICATE_METHOD_MATCH = YES;
				COPY_PHASE_STRIP = NO;
				DEBUG_INFORMATION_FORMAT = dwarf;
				ENABLE_STRICT_OBJC_MSGSEND = YES;
				ENABLE_TESTABILITY = YES;
				GCC_C_LANGUAGE_STANDARD = gnu11;
				GCC_DYNAMIC_NO_PIC = NO;
				GCC_NO_COMMON_BLOCKS = YES;
				GCC_OPTIMIZATION_LEVEL = 0;
				GCC_PREPROCESSOR_DEFINITIONS = (
					"DEBUG=1",
					"$(inherited)",
				);
				GCC_WARN_64_TO_32_BIT_CONVERSION = YES;
				GCC_WARN_ABOUT_RETURN_TYPE = YES_ERROR;
				GCC_WARN_UNDECLARED_SELECTOR = YES;
				GCC_WARN_UNINITIALIZED_AUTOS = YES_AGGRESSIVE;
				GCC_WARN_UNUSED_FUNCTION = YES;
				GCC_WARN_UNUSED_VARIABLE = YES;
				MACOSX_DEPLOYMENT_TARGET = 10.15;
				MTL_ENABLE_DEBUG_INFO = INCLUDE_SOURCE;
				MTL_FAST_MATH = YES;
				ONLY_ACTIVE_ARCH = YES;
				SDKROOT = macosx;
				SWIFT_ACTIVE_COMPILATION_CONDITIONS = DEBUG;
				SWIFT_OPTIMIZATION_LEVEL = "-Onone";
			};
			name = Debug;
		};
		D5ECAC4827B40CE5005DBE88 /* Release */ = {
			isa = XCBuildConfiguration;
			buildSettings = {
				ALWAYS_SEARCH_USER_PATHS = NO;
				CLANG_ANALYZER_LOCALIZABILITY_NONLOCALIZED = YES;
				CLANG_ANALYZER_NONNULL = YES;
				CLANG_ANALYZER_NUMBER_OBJECT_CONVERSION = YES_AGGRESSIVE;
				CLANG_CXX_LANGUAGE_STANDARD = "gnu++17";
				CLANG_CXX_LIBRARY = "libc++";
				CLANG_ENABLE_MODULES = YES;
				CLANG_ENABLE_OBJC_ARC = YES;
				CLANG_ENABLE_OBJC_WEAK = YES;
				CLANG_WARN_BLOCK_CAPTURE_AUTORELEASING = YES;
				CLANG_WARN_BOOL_CONVERSION = YES;
				CLANG_WARN_COMMA = YES;
				CLANG_WARN_CONSTANT_CONVERSION = YES;
				CLANG_WARN_DEPRECATED_OBJC_IMPLEMENTATIONS = YES;
				CLANG_WARN_DIRECT_OBJC_ISA_USAGE = YES_ERROR;
				CLANG_WARN_DOCUMENTATION_COMMENTS = YES;
				CLANG_WARN_EMPTY_BODY = YES;
				CLANG_WARN_ENUM_CONVERSION = YES;
				CLANG_WARN_INFINITE_RECURSION = YES;
				CLANG_WARN_INT_CONVERSION = YES;
				CLANG_WARN_NON_LITERAL_NULL_CONVERSION = YES;
				CLANG_WARN_OBJC_IMPLICIT_RETAIN_SELF = YES;
				CLANG_WARN_OBJC_LITERAL_CONVERSION = YES;
				CLANG_WARN_OBJC_ROOT_CLASS = YES_ERROR;
				CLANG_WARN_QUOTED_INCLUDE_IN_FRAMEWORK_HEADER = YES;
				CLANG_WARN_RANGE_LOOP_ANALYSIS = YES;
				CLANG_WARN_STRICT_PROTOTYPES = YES;
				CLANG_WARN_SUSPICIOUS_MOVE = YES;
				CLANG_WARN_UNGUARDED_AVAILABILITY = YES_AGGRESSIVE;
				CLANG_WARN_UNREACHABLE_CODE = YES;
				CLANG_WARN__DUPLICATE_METHOD_MATCH = YES;
				COPY_PHASE_STRIP = NO;
				DEBUG_INFORMATION_FORMAT = "dwarf-with-dsym";
				ENABLE_NS_ASSERTIONS = NO;
				ENABLE_STRICT_OBJC_MSGSEND = YES;
				GCC_C_LANGUAGE_STANDARD = gnu11;
				GCC_NO_COMMON_BLOCKS = YES;
				GCC_WARN_64_TO_32_BIT_CONVERSION = YES;
				GCC_WARN_ABOUT_RETURN_TYPE = YES_ERROR;
				GCC_WARN_UNDECLARED_SELECTOR = YES;
				GCC_WARN_UNINITIALIZED_AUTOS = YES_AGGRESSIVE;
				GCC_WARN_UNUSED_FUNCTION = YES;
				GCC_WARN_UNUSED_VARIABLE = YES;
				MACOSX_DEPLOYMENT_TARGET = 10.15;
				MTL_ENABLE_DEBUG_INFO = NO;
				MTL_FAST_MATH = YES;
				SDKROOT = macosx;
				SWIFT_COMPILATION_MODE = wholemodule;
				SWIFT_OPTIMIZATION_LEVEL = "-O";
			};
			name = Release;
		};
		D5ECAC4A27B40CE5005DBE88 /* Debug */ = {
			isa = XCBuildConfiguration;
			buildSettings = {
				ASSETCATALOG_COMPILER_APPICON_NAME = AppIcon;
				ASSETCATALOG_COMPILER_GLOBAL_ACCENT_COLOR_NAME = AccentColor;
				CODE_SIGN_ENTITLEMENTS = OCR/OCR.entitlements;
				CODE_SIGN_STYLE = Automatic;
				COMBINE_HIDPI_IMAGES = YES;
				CURRENT_PROJECT_VERSION = 1;
				DEVELOPMENT_TEAM = 3W68UU92K3;
				ENABLE_HARDENED_RUNTIME = YES;
				GENERATE_INFOPLIST_FILE = YES;
				INFOPLIST_KEY_LSApplicationCategoryType = "public.app-category.utilities";
				INFOPLIST_KEY_NSHumanReadableCopyright = "";
				INFOPLIST_KEY_NSMainStoryboardFile = Main;
				INFOPLIST_KEY_NSPrincipalClass = NSApplication;
				LD_RUNPATH_SEARCH_PATHS = (
					"$(inherited)",
					"@executable_path/../Frameworks",
				);
				MARKETING_VERSION = 1.0;
				PRODUCT_BUNDLE_IDENTIFIER = nl.bernson.OCR;
				PRODUCT_NAME = "$(TARGET_NAME)";
				SWIFT_EMIT_LOC_STRINGS = YES;
				SWIFT_VERSION = 5.0;
			};
			name = Debug;
		};
		D5ECAC4B27B40CE5005DBE88 /* Release */ = {
			isa = XCBuildConfiguration;
			buildSettings = {
				ASSETCATALOG_COMPILER_APPICON_NAME = AppIcon;
				ASSETCATALOG_COMPILER_GLOBAL_ACCENT_COLOR_NAME = AccentColor;
				CODE_SIGN_ENTITLEMENTS = OCR/OCR.entitlements;
				CODE_SIGN_STYLE = Automatic;
				COMBINE_HIDPI_IMAGES = YES;
				CURRENT_PROJECT_VERSION = 1;
				DEVELOPMENT_TEAM = 3W68UU92K3;
				ENABLE_HARDENED_RUNTIME = YES;
				GENERATE_INFOPLIST_FILE = YES;
				INFOPLIST_KEY_LSApplicationCategoryType = "public.app-category.utilities";
				INFOPLIST_KEY_NSHumanReadableCopyright = "";
				INFOPLIST_KEY_NSMainStoryboardFile = Main;
				INFOPLIST_KEY_NSPrincipalClass = NSApplication;
				LD_RUNPATH_SEARCH_PATHS = (
					"$(inherited)",
					"@executable_path/../Frameworks",
				);
				MARKETING_VERSION = 1.0;
				PRODUCT_BUNDLE_IDENTIFIER = nl.bernson.OCR;
				PRODUCT_NAME = "$(TARGET_NAME)";
				SWIFT_EMIT_LOC_STRINGS = YES;
				SWIFT_VERSION = 5.0;
			};
			name = Release;
		};
/* End XCBuildConfiguration section */

/* Begin XCConfigurationList section */
		D5ECAC3527B40CE4005DBE88 /* Build configuration list for PBXProject "OCR" */ = {
			isa = XCConfigurationList;
			buildConfigurations = (
				D5ECAC4727B40CE5005DBE88 /* Debug */,
				D5ECAC4827B40CE5005DBE88 /* Release */,
			);
			defaultConfigurationIsVisible = 0;
			defaultConfigurationName = Release;
		};
		D5ECAC4927B40CE5005DBE88 /* Build configuration list for PBXNativeTarget "OCR" */ = {
			isa = XCConfigurationList;
			buildConfigurations = (
				D5ECAC4A27B40CE5005DBE88 /* Debug */,
				D5ECAC4B27B40CE5005DBE88 /* Release */,
			);
			defaultConfigurationIsVisible = 0;
			defaultConfigurationName = Release;
		};
/* End XCConfigurationList section */
	};
	rootObject = D5ECAC3227B40CE4005DBE88 /* Project object */;
}
